pipelined.dev/pipe v0.9.0 h1:lZK1z2j7MT4p49/YG5ixdwm9SZR3ob6WRJRoyWOPS0o=
pipelined.dev/pipe v0.9.0/go.mod h1:GExMBEAGrfgMAXM3RRwZepzL+VSrAfq2iUeBMbOkTzw=
pipelined.dev/signal v0.9.0 h1:1tmBYsBQCP4TXYy+wCbv6LH3aiRrigqcx4i7dwSAd9U=
pipelined.dev/signal v0.9.0/go.mod h1:wi0YlA20+rinS9o+7IMZHH3/YsO3jkahHNLSCCfaEA0=
